// !$*UTF8*$!
{
	archiveVersion = 1;
	classes = {
	};
	objectVersion = 52;
	objects = {

/* Begin PBXBuildFile section */
		279AB18A25ACA36A00982BE2 /* SklepRealmApp.swift in Sources */ = {isa = PBXBuildFile; fileRef = 279AB18925ACA36A00982BE2 /* SklepRealmApp.swift */; };
		279AB18C25ACA36A00982BE2 /* MainView.swift in Sources */ = {isa = PBXBuildFile; fileRef = 279AB18B25ACA36A00982BE2 /* MainView.swift */; };
		279AB18E25ACA37000982BE2 /* Assets.xcassets in Resources */ = {isa = PBXBuildFile; fileRef = 279AB18D25ACA37000982BE2 /* Assets.xcassets */; };
		279AB19125ACA37000982BE2 /* Preview Assets.xcassets in Resources */ = {isa = PBXBuildFile; fileRef = 279AB19025ACA37000982BE2 /* Preview Assets.xcassets */; };
		279AB19B25ACA61E00982BE2 /* Realm in Frameworks */ = {isa = PBXBuildFile; productRef = 279AB19A25ACA61E00982BE2 /* Realm */; };
		279AB19D25ACA61E00982BE2 /* RealmSwift in Frameworks */ = {isa = PBXBuildFile; productRef = 279AB19C25ACA61E00982BE2 /* RealmSwift */; };
		279AB1A125ACA73900982BE2 /* ProduktView.swift in Sources */ = {isa = PBXBuildFile; fileRef = 279AB1A025ACA73900982BE2 /* ProduktView.swift */; };
		279AB1A425ACA77B00982BE2 /* ProduktModel.swift in Sources */ = {isa = PBXBuildFile; fileRef = 279AB1A325ACA77B00982BE2 /* ProduktModel.swift */; };
		279AB1A725ACA81000982BE2 /* KategoriaModel.swift in Sources */ = {isa = PBXBuildFile; fileRef = 279AB1A625ACA81000982BE2 /* KategoriaModel.swift */; };
		279AB1AB25ACA8B000982BE2 /* Kategoria.swift in Sources */ = {isa = PBXBuildFile; fileRef = 279AB1AA25ACA8B000982BE2 /* Kategoria.swift */; };
		279AB1AE25ACA97C00982BE2 /* KategoriaStore.swift in Sources */ = {isa = PBXBuildFile; fileRef = 279AB1AD25ACA97C00982BE2 /* KategoriaStore.swift */; };
		279AB1B125ACAC6A00982BE2 /* RealmPersistence.swift in Sources */ = {isa = PBXBuildFile; fileRef = 279AB1B025ACAC6A00982BE2 /* RealmPersistence.swift */; };
		279AB1B525ACAFBA00982BE2 /* kategorie.json in Resources */ = {isa = PBXBuildFile; fileRef = 279AB1B425ACAFBA00982BE2 /* kategorie.json */; };
		279AB1B925ACB44C00982BE2 /* RemoteImage in Frameworks */ = {isa = PBXBuildFile; productRef = 279AB1B825ACB44C00982BE2 /* RemoteImage */; };
/* End PBXBuildFile section */

/* Begin PBXFileReference section */
		279AB18625ACA36A00982BE2 /* SklepRealm.app */ = {isa = PBXFileReference; explicitFileType = wrapper.application; includeInIndex = 0; path = SklepRealm.app; sourceTree = BUILT_PRODUCTS_DIR; };
		279AB18925ACA36A00982BE2 /* SklepRealmApp.swift */ = {isa = PBXFileReference; lastKnownFileType = sourcecode.swift; path = SklepRealmApp.swift; sourceTree = "<group>"; };
		279AB18B25ACA36A00982BE2 /* MainView.swift */ = {isa = PBXFileReference; lastKnownFileType = sourcecode.swift; path = MainView.swift; sourceTree = "<group>"; };
		279AB18D25ACA37000982BE2 /* Assets.xcassets */ = {isa = PBXFileReference; lastKnownFileType = folder.assetcatalog; path = Assets.xcassets; sourceTree = "<group>"; };
		279AB19025ACA37000982BE2 /* Preview Assets.xcassets */ = {isa = PBXFileReference; lastKnownFileType = folder.assetcatalog; path = "Preview Assets.xcassets"; sourceTree = "<group>"; };
		279AB19225ACA37000982BE2 /* Info.plist */ = {isa = PBXFileReference; lastKnownFileType = text.plist.xml; path = Info.plist; sourceTree = "<group>"; };
		279AB1A025ACA73900982BE2 /* ProduktView.swift */ = {isa = PBXFileReference; lastKnownFileType = sourcecode.swift; path = ProduktView.swift; sourceTree = "<group>"; };
		279AB1A325ACA77B00982BE2 /* ProduktModel.swift */ = {isa = PBXFileReference; lastKnownFileType = sourcecode.swift; path = ProduktModel.swift; sourceTree = "<group>"; };
		279AB1A625ACA81000982BE2 /* KategoriaModel.swift */ = {isa = PBXFileReference; lastKnownFileType = sourcecode.swift; path = KategoriaModel.swift; sourceTree = "<group>"; };
		279AB1AA25ACA8B000982BE2 /* Kategoria.swift */ = {isa = PBXFileReference; lastKnownFileType = sourcecode.swift; path = Kategoria.swift; sourceTree = "<group>"; };
		279AB1AD25ACA97C00982BE2 /* KategoriaStore.swift */ = {isa = PBXFileReference; lastKnownFileType = sourcecode.swift; path = KategoriaStore.swift; sourceTree = "<group>"; };
		279AB1B025ACAC6A00982BE2 /* RealmPersistence.swift */ = {isa = PBXFileReference; lastKnownFileType = sourcecode.swift; path = RealmPersistence.swift; sourceTree = "<group>"; };
		279AB1B425ACAFBA00982BE2 /* kategorie.json */ = {isa = PBXFileReference; lastKnownFileType = text.json; path = kategorie.json; sourceTree = "<group>"; };
/* End PBXFileReference section */

/* Begin PBXFrameworksBuildPhase section */
		279AB18325ACA36A00982BE2 /* Frameworks */ = {
			isa = PBXFrameworksBuildPhase;
			buildActionMask = 2147483647;
			files = (
				279AB19D25ACA61E00982BE2 /* RealmSwift in Frameworks */,
				279AB19B25ACA61E00982BE2 /* Realm in Frameworks */,
				279AB1B925ACB44C00982BE2 /* RemoteImage in Frameworks */,
			);
			runOnlyForDeploymentPostprocessing = 0;
		};
/* End PBXFrameworksBuildPhase section */

/* Begin PBXGroup section */
		279AB17D25ACA36A00982BE2 = {
			isa = PBXGroup;
			children = (
				279AB18825ACA36A00982BE2 /* SklepRealm */,
				279AB18725ACA36A00982BE2 /* Products */,
			);
			sourceTree = "<group>";
		};
		279AB18725ACA36A00982BE2 /* Products */ = {
			isa = PBXGroup;
			children = (
				279AB18625ACA36A00982BE2 /* SklepRealm.app */,
			);
			name = Products;
			sourceTree = "<group>";
		};
		279AB18825ACA36A00982BE2 /* SklepRealm */ = {
			isa = PBXGroup;
			children = (
				279AB1BE25ACB70400982BE2 /* Entities */,
				279AB1BC25ACB6A200982BE2 /* ViewModels */,
				279AB1BB25ACB68300982BE2 /* Views */,
				279AB1B325ACAF7A00982BE2 /* Fixtures */,
				279AB19F25ACA68700982BE2 /* Models */,
				279AB18925ACA36A00982BE2 /* SklepRealmApp.swift */,
				279AB18D25ACA37000982BE2 /* Assets.xcassets */,
				279AB19225ACA37000982BE2 /* Info.plist */,
				279AB18F25ACA37000982BE2 /* Preview Content */,
				279AB1B025ACAC6A00982BE2 /* RealmPersistence.swift */,
			);
			path = SklepRealm;
			sourceTree = "<group>";
		};
		279AB18F25ACA37000982BE2 /* Preview Content */ = {
			isa = PBXGroup;
			children = (
				279AB19025ACA37000982BE2 /* Preview Assets.xcassets */,
			);
			path = "Preview Content";
			sourceTree = "<group>";
		};
		279AB19F25ACA68700982BE2 /* Models */ = {
			isa = PBXGroup;
			children = (
				279AB1A325ACA77B00982BE2 /* ProduktModel.swift */,
				279AB1A625ACA81000982BE2 /* KategoriaModel.swift */,
			);
			path = Models;
			sourceTree = "<group>";
		};
		279AB1B325ACAF7A00982BE2 /* Fixtures */ = {
			isa = PBXGroup;
			children = (
				279AB1B425ACAFBA00982BE2 /* kategorie.json */,
			);
			path = Fixtures;
			sourceTree = "<group>";
		};
		279AB1BB25ACB68300982BE2 /* Views */ = {
			isa = PBXGroup;
			children = (
				279AB18B25ACA36A00982BE2 /* MainView.swift */,
				279AB1A025ACA73900982BE2 /* ProduktView.swift */,
			);
			path = Views;
			sourceTree = "<group>";
		};
		279AB1BC25ACB6A200982BE2 /* ViewModels */ = {
			isa = PBXGroup;
			children = (
				279AB1AD25ACA97C00982BE2 /* KategoriaStore.swift */,
			);
			path = ViewModels;
			sourceTree = "<group>";
		};
		279AB1BE25ACB70400982BE2 /* Entities */ = {
			isa = PBXGroup;
			children = (
				279AB1AA25ACA8B000982BE2 /* Kategoria.swift */,
			);
			path = Entities;
			sourceTree = "<group>";
		};
/* End PBXGroup section */

/* Begin PBXNativeTarget section */
		279AB18525ACA36A00982BE2 /* SklepRealm */ = {
			isa = PBXNativeTarget;
			buildConfigurationList = 279AB19525ACA37000982BE2 /* Build configuration list for PBXNativeTarget "SklepRealm" */;
			buildPhases = (
				279AB18225ACA36A00982BE2 /* Sources */,
				279AB18325ACA36A00982BE2 /* Frameworks */,
				279AB18425ACA36A00982BE2 /* Resources */,
			);
			buildRules = (
			);
			dependencies = (
			);
			name = SklepRealm;
			packageProductDependencies = (
				279AB19A25ACA61E00982BE2 /* Realm */,
				279AB19C25ACA61E00982BE2 /* RealmSwift */,
				279AB1B825ACB44C00982BE2 /* RemoteImage */,
			);
			productName = SklepRealm;
			productReference = 279AB18625ACA36A00982BE2 /* SklepRealm.app */;
			productType = "com.apple.product-type.application";
		};
/* End PBXNativeTarget section */

/* Begin PBXProject section */
		279AB17E25ACA36A00982BE2 /* Project object */ = {
			isa = PBXProject;
			attributes = {
				LastSwiftUpdateCheck = 1230;
				LastUpgradeCheck = 1230;
				TargetAttributes = {
					279AB18525ACA36A00982BE2 = {
						CreatedOnToolsVersion = 12.3;
					};
				};
			};
			buildConfigurationList = 279AB18125ACA36A00982BE2 /* Build configuration list for PBXProject "SklepRealm" */;
			compatibilityVersion = "Xcode 9.3";
			developmentRegion = en;
			hasScannedForEncodings = 0;
			knownRegions = (
				en,
				Base,
			);
			mainGroup = 279AB17D25ACA36A00982BE2;
			packageReferences = (
				279AB19925ACA61E00982BE2 /* XCRemoteSwiftPackageReference "realm-cocoa" */,
				279AB1B725ACB44C00982BE2 /* XCRemoteSwiftPackageReference "RemoteImage" */,
			);
			productRefGroup = 279AB18725ACA36A00982BE2 /* Products */;
			projectDirPath = "";
			projectRoot = "";
			targets = (
				279AB18525ACA36A00982BE2 /* SklepRealm */,
			);
		};
/* End PBXProject section */

/* Begin PBXResourcesBuildPhase section */
		279AB18425ACA36A00982BE2 /* Resources */ = {
			isa = PBXResourcesBuildPhase;
			buildActionMask = 2147483647;
			files = (
				279AB19125ACA37000982BE2 /* Preview Assets.xcassets in Resources */,
				279AB1B525ACAFBA00982BE2 /* kategorie.json in Resources */,
				279AB18E25ACA37000982BE2 /* Assets.xcassets in Resources */,
			);
			runOnlyForDeploymentPostprocessing = 0;
		};
/* End PBXResourcesBuildPhase section */

/* Begin PBXSourcesBuildPhase section */
		279AB18225ACA36A00982BE2 /* Sources */ = {
			isa = PBXSourcesBuildPhase;
			buildActionMask = 2147483647;
			files = (
				279AB1A725ACA81000982BE2 /* KategoriaModel.swift in Sources */,
				279AB1AE25ACA97C00982BE2 /* KategoriaStore.swift in Sources */,
				279AB18C25ACA36A00982BE2 /* MainView.swift in Sources */,
				279AB1A425ACA77B00982BE2 /* ProduktModel.swift in Sources */,
				279AB1AB25ACA8B000982BE2 /* Kategoria.swift in Sources */,
				279AB18A25ACA36A00982BE2 /* SklepRealmApp.swift in Sources */,
				279AB1A125ACA73900982BE2 /* ProduktView.swift in Sources */,
				279AB1B125ACAC6A00982BE2 /* RealmPersistence.swift in Sources */,
			);
			runOnlyForDeploymentPostprocessing = 0;
		};
/* End PBXSourcesBuildPhase section */

/* Begin XCBuildConfiguration section */
		279AB19325ACA37000982BE2 /* Debug */ = {
			isa = XCBuildConfiguration;
			buildSettings = {
				ALWAYS_SEARCH_USER_PATHS = NO;
				CLANG_ANALYZER_NONNULL = YES;
				CLANG_ANALYZER_NUMBER_OBJECT_CONVERSION = YES_AGGRESSIVE;
				CLANG_CXX_LANGUAGE_STANDARD = "gnu++14";
				CLANG_CXX_LIBRARY = "libc++";
				CLANG_ENABLE_MODULES = YES;
				CLANG_ENABLE_OBJC_ARC = YES;
				CLANG_ENABLE_OBJC_WEAK = YES;
				CLANG_WARN_BLOCK_CAPTURE_AUTORELEASING = YES;
				CLANG_WARN_BOOL_CONVERSION = YES;
				CLANG_WARN_COMMA = YES;
				CLANG_WARN_CONSTANT_CONVERSION = YES;
				CLANG_WARN_DEPRECATED_OBJC_IMPLEMENTATIONS = YES;
				CLANG_WARN_DIRECT_OBJC_ISA_USAGE = YES_ERROR;
				CLANG_WARN_DOCUMENTATION_COMMENTS = YES;
				CLANG_WARN_EMPTY_BODY = YES;
				CLANG_WARN_ENUM_CONVERSION = YES;
				CLANG_WARN_INFINITE_RECURSION = YES;
				CLANG_WARN_INT_CONVERSION = YES;
				CLANG_WARN_NON_LITERAL_NULL_CONVERSION = YES;
				CLANG_WARN_OBJC_IMPLICIT_RETAIN_SELF = YES;
				CLANG_WARN_OBJC_LITERAL_CONVERSION = YES;
				CLANG_WARN_OBJC_ROOT_CLASS = YES_ERROR;
				CLANG_WARN_QUOTED_INCLUDE_IN_FRAMEWORK_HEADER = YES;
				CLANG_WARN_RANGE_LOOP_ANALYSIS = YES;
				CLANG_WARN_STRICT_PROTOTYPES = YES;
				CLANG_WARN_SUSPICIOUS_MOVE = YES;
				CLANG_WARN_UNGUARDED_AVAILABILITY = YES_AGGRESSIVE;
				CLANG_WARN_UNREACHABLE_CODE = YES;
				CLANG_WARN__DUPLICATE_METHOD_MATCH = YES;
				COPY_PHASE_STRIP = NO;
				DEBUG_INFORMATION_FORMAT = dwarf;
				ENABLE_STRICT_OBJC_MSGSEND = YES;
				ENABLE_TESTABILITY = YES;
				GCC_C_LANGUAGE_STANDARD = gnu11;
				GCC_DYNAMIC_NO_PIC = NO;
				GCC_NO_COMMON_BLOCKS = YES;
				GCC_OPTIMIZATION_LEVEL = 0;
				GCC_PREPROCESSOR_DEFINITIONS = (
					"DEBUG=1",
					"$(inherited)",
				);
				GCC_WARN_64_TO_32_BIT_CONVERSION = YES;
				GCC_WARN_ABOUT_RETURN_TYPE = YES_ERROR;
				GCC_WARN_UNDECLARED_SELECTOR = YES;
				GCC_WARN_UNINITIALIZED_AUTOS = YES_AGGRESSIVE;
				GCC_WARN_UNUSED_FUNCTION = YES;
				GCC_WARN_UNUSED_VARIABLE = YES;
				IPHONEOS_DEPLOYMENT_TARGET = 14.3;
				MTL_ENABLE_DEBUG_INFO = INCLUDE_SOURCE;
				MTL_FAST_MATH = YES;
				ONLY_ACTIVE_ARCH = YES;
				SDKROOT = iphoneos;
				SWIFT_ACTIVE_COMPILATION_CONDITIONS = DEBUG;
				SWIFT_OPTIMIZATION_LEVEL = "-Onone";
			};
			name = Debug;
		};
		279AB19425ACA37000982BE2 /* Release */ = {
			isa = XCBuildConfiguration;
			buildSettings = {
				ALWAYS_SEARCH_USER_PATHS = NO;
				CLANG_ANALYZER_NONNULL = YES;
				CLANG_ANALYZER_NUMBER_OBJECT_CONVERSION = YES_AGGRESSIVE;
				CLANG_CXX_LANGUAGE_STANDARD = "gnu++14";
				CLANG_CXX_LIBRARY = "libc++";
				CLANG_ENABLE_MODULES = YES;
				CLANG_ENABLE_OBJC_ARC = YES;
				CLANG_ENABLE_OBJC_WEAK = YES;
				CLANG_WARN_BLOCK_CAPTURE_AUTORELEASING = YES;
				CLANG_WARN_BOOL_CONVERSION = YES;
				CLANG_WARN_COMMA = YES;
				CLANG_WARN_CONSTANT_CONVERSION = YES;
				CLANG_WARN_DEPRECATED_OBJC_IMPLEMENTATIONS = YES;
				CLANG_WARN_DIRECT_OBJC_ISA_USAGE = YES_ERROR;
				CLANG_WARN_DOCUMENTATION_COMMENTS = YES;
				CLANG_WARN_EMPTY_BODY = YES;
				CLANG_WARN_ENUM_CONVERSION = YES;
				CLANG_WARN_INFINITE_RECURSION = YES;
				CLANG_WARN_INT_CONVERSION = YES;
				CLANG_WARN_NON_LITERAL_NULL_CONVERSION = YES;
				CLANG_WARN_OBJC_IMPLICIT_RETAIN_SELF = YES;
				CLANG_WARN_OBJC_LITERAL_CONVERSION = YES;
				CLANG_WARN_OBJC_ROOT_CLASS = YES_ERROR;
				CLANG_WARN_QUOTED_INCLUDE_IN_FRAMEWORK_HEADER = YES;
				CLANG_WARN_RANGE_LOOP_ANALYSIS = YES;
				CLANG_WARN_STRICT_PROTOTYPES = YES;
				CLANG_WARN_SUSPICIOUS_MOVE = YES;
				CLANG_WARN_UNGUARDED_AVAILABILITY = YES_AGGRESSIVE;
				CLANG_WARN_UNREACHABLE_CODE = YES;
				CLANG_WARN__DUPLICATE_METHOD_MATCH = YES;
				COPY_PHASE_STRIP = NO;
				DEBUG_INFORMATION_FORMAT = "dwarf-with-dsym";
				ENABLE_NS_ASSERTIONS = NO;
				ENABLE_STRICT_OBJC_MSGSEND = YES;
				GCC_C_LANGUAGE_STANDARD = gnu11;
				GCC_NO_COMMON_BLOCKS = YES;
				GCC_WARN_64_TO_32_BIT_CONVERSION = YES;
				GCC_WARN_ABOUT_RETURN_TYPE = YES_ERROR;
				GCC_WARN_UNDECLARED_SELECTOR = YES;
				GCC_WARN_UNINITIALIZED_AUTOS = YES_AGGRESSIVE;
				GCC_WARN_UNUSED_FUNCTION = YES;
				GCC_WARN_UNUSED_VARIABLE = YES;
				IPHONEOS_DEPLOYMENT_TARGET = 14.3;
				MTL_ENABLE_DEBUG_INFO = NO;
				MTL_FAST_MATH = YES;
				SDKROOT = iphoneos;
				SWIFT_COMPILATION_MODE = wholemodule;
				SWIFT_OPTIMIZATION_LEVEL = "-O";
				VALIDATE_PRODUCT = YES;
			};
			name = Release;
		};
		279AB19625ACA37000982BE2 /* Debug */ = {
			isa = XCBuildConfiguration;
			buildSettings = {
				ASSETCATALOG_COMPILER_APPICON_NAME = AppIcon;
				ASSETCATALOG_COMPILER_GLOBAL_ACCENT_COLOR_NAME = AccentColor;
				CODE_SIGN_STYLE = Automatic;
				DEVELOPMENT_ASSET_PATHS = "\"SklepRealm/Preview Content\"";
				DEVELOPMENT_TEAM = C576T7R2KX;
				ENABLE_PREVIEWS = YES;
				INFOPLIST_FILE = SklepRealm/Info.plist;
				IPHONEOS_DEPLOYMENT_TARGET = 14.0;
				LD_RUNPATH_SEARCH_PATHS = (
					"$(inherited)",
					"@executable_path/Frameworks",
				);
				PRODUCT_BUNDLE_IDENTIFIER = uj.SklepRealm;
				PRODUCT_NAME = "$(TARGET_NAME)";
				SWIFT_VERSION = 5.0;
				TARGETED_DEVICE_FAMILY = "1,2";
			};
			name = Debug;
		};
		279AB19725ACA37000982BE2 /* Release */ = {
			isa = XCBuildConfiguration;
			buildSettings = {
				ASSETCATALOG_COMPILER_APPICON_NAME = AppIcon;
				ASSETCATALOG_COMPILER_GLOBAL_ACCENT_COLOR_NAME = AccentColor;
				CODE_SIGN_STYLE = Automatic;
				DEVELOPMENT_ASSET_PATHS = "\"SklepRealm/Preview Content\"";
				DEVELOPMENT_TEAM = C576T7R2KX;
				ENABLE_PREVIEWS = YES;
				INFOPLIST_FILE = SklepRealm/Info.plist;
				IPHONEOS_DEPLOYMENT_TARGET = 14.0;
				LD_RUNPATH_SEARCH_PATHS = (
					"$(inherited)",
					"@executable_path/Frameworks",
				);
				PRODUCT_BUNDLE_IDENTIFIER = uj.SklepRealm;
				PRODUCT_NAME = "$(TARGET_NAME)";
				SWIFT_VERSION = 5.0;
				TARGETED_DEVICE_FAMILY = "1,2";
			};
			name = Release;
		};
/* End XCBuildConfiguration section */

/* Begin XCConfigurationList section */
		279AB18125ACA36A00982BE2 /* Build configuration list for PBXProject "SklepRealm" */ = {
			isa = XCConfigurationList;
			buildConfigurations = (
				279AB19325ACA37000982BE2 /* Debug */,
				279AB19425ACA37000982BE2 /* Release */,
			);
			defaultConfigurationIsVisible = 0;
			defaultConfigurationName = Release;
		};
		279AB19525ACA37000982BE2 /* Build configuration list for PBXNativeTarget "SklepRealm" */ = {
			isa = XCConfigurationList;
			buildConfigurations = (
				279AB19625ACA37000982BE2 /* Debug */,
				279AB19725ACA37000982BE2 /* Release */,
			);
			defaultConfigurationIsVisible = 0;
			defaultConfigurationName = Release;
		};
/* End XCConfigurationList section */

/* Begin XCRemoteSwiftPackageReference section */
		279AB19925ACA61E00982BE2 /* XCRemoteSwiftPackageReference "realm-cocoa" */ = {
			isa = XCRemoteSwiftPackageReference;
			repositoryURL = "https://github.com/realm/realm-cocoa";
			requirement = {
				kind = upToNextMajorVersion;
				minimumVersion = 10.5.0;
			};
		};
		279AB1B725ACB44C00982BE2 /* XCRemoteSwiftPackageReference "RemoteImage" */ = {
			isa = XCRemoteSwiftPackageReference;
			repositoryURL = "https://github.com/crelies/RemoteImage";
			requirement = {
				kind = upToNextMajorVersion;
				minimumVersion = 4.0.0;
			};
		};
/* End XCRemoteSwiftPackageReference section */

/* Begin XCSwiftPackageProductDependency section */
		279AB19A25ACA61E00982BE2 /* Realm */ = {
			isa = XCSwiftPackageProductDependency;
			package = 279AB19925ACA61E00982BE2 /* XCRemoteSwiftPackageReference "realm-cocoa" */;
			productName = Realm;
		};
		279AB19C25ACA61E00982BE2 /* RealmSwift */ = {
			isa = XCSwiftPackageProductDependency;
			package = 279AB19925ACA61E00982BE2 /* XCRemoteSwiftPackageReference "realm-cocoa" */;
			productName = RealmSwift;
		};
		279AB1B825ACB44C00982BE2 /* RemoteImage */ = {
			isa = XCSwiftPackageProductDependency;
			package = 279AB1B725ACB44C00982BE2 /* XCRemoteSwiftPackageReference "RemoteImage" */;
			productName = RemoteImage;
		};
/* End XCSwiftPackageProductDependency section */
	};
	rootObject = 279AB17E25ACA36A00982BE2 /* Project object */;
}
